// !$*UTF8*$!
{
	archiveVersion = 1;
	classes = {
	};
	objectVersion = 56;
	objects = {

/* Begin PBXBuildFile section */
		18A2570529DD47AF006D8869 /* ContentView.swift in Sources */ = {isa = PBXBuildFile; fileRef = 18A2570429DD47AF006D8869 /* ContentView.swift */; };
		18A2570929DD4D5E006D8869 /* HeroesCollectionView.swift in Sources */ = {isa = PBXBuildFile; fileRef = 18A2570829DD4D5E006D8869 /* HeroesCollectionView.swift */; };
		18C8083529D156360028CBFA /* HeroesCollectionViewCell.swift in Sources */ = {isa = PBXBuildFile; fileRef = 18C8083429D156360028CBFA /* HeroesCollectionViewCell.swift */; };
		18C8083C29D183EA0028CBFA /* Model.swift in Sources */ = {isa = PBXBuildFile; fileRef = 18C8083B29D183EA0028CBFA /* Model.swift */; };
		18C8083F29D185E10028CBFA /* ApiService.swift in Sources */ = {isa = PBXBuildFile; fileRef = 18C8083E29D185E10028CBFA /* ApiService.swift */; };
		18C8084129D411B00028CBFA /* HeroesViewModel.swift in Sources */ = {isa = PBXBuildFile; fileRef = 18C8084029D411B00028CBFA /* HeroesViewModel.swift */; };
		18CC0FCC29D04A8F0073D5D6 /* AppDelegate.swift in Sources */ = {isa = PBXBuildFile; fileRef = 18CC0FCB29D04A8F0073D5D6 /* AppDelegate.swift */; };
		18CC0FCE29D04A8F0073D5D6 /* SceneDelegate.swift in Sources */ = {isa = PBXBuildFile; fileRef = 18CC0FCD29D04A8F0073D5D6 /* SceneDelegate.swift */; };
		18CC0FD029D04A8F0073D5D6 /* WelcomePage.swift in Sources */ = {isa = PBXBuildFile; fileRef = 18CC0FCF29D04A8F0073D5D6 /* WelcomePage.swift */; };
		18CC0FD329D04A8F0073D5D6 /* Main.storyboard in Resources */ = {isa = PBXBuildFile; fileRef = 18CC0FD129D04A8F0073D5D6 /* Main.storyboard */; };
		18CC0FD529D04A910073D5D6 /* Assets.xcassets in Resources */ = {isa = PBXBuildFile; fileRef = 18CC0FD429D04A910073D5D6 /* Assets.xcassets */; };
		18CC0FD829D04A910073D5D6 /* LaunchScreen.storyboard in Resources */ = {isa = PBXBuildFile; fileRef = 18CC0FD629D04A910073D5D6 /* LaunchScreen.storyboard */; };
		18CC0FE329D04BB70073D5D6 /* MainPage.swift in Sources */ = {isa = PBXBuildFile; fileRef = 18CC0FE229D04BB70073D5D6 /* MainPage.swift */; };
		207AD0CBD688358BE0A610B8 /* Pods_AvangersInfo.framework in Frameworks */ = {isa = PBXBuildFile; fileRef = B813A982A4113504776B81AA /* Pods_AvangersInfo.framework */; };
/* End PBXBuildFile section */

/* Begin PBXFileReference section */
		18A2570429DD47AF006D8869 /* ContentView.swift */ = {isa = PBXFileReference; lastKnownFileType = sourcecode.swift; path = ContentView.swift; sourceTree = "<group>"; };
		18A2570829DD4D5E006D8869 /* HeroesCollectionView.swift */ = {isa = PBXFileReference; lastKnownFileType = sourcecode.swift; path = HeroesCollectionView.swift; sourceTree = "<group>"; };
		18C8083429D156360028CBFA /* HeroesCollectionViewCell.swift */ = {isa = PBXFileReference; lastKnownFileType = sourcecode.swift; path = HeroesCollectionViewCell.swift; sourceTree = "<group>"; };
		18C8083B29D183EA0028CBFA /* Model.swift */ = {isa = PBXFileReference; lastKnownFileType = sourcecode.swift; path = Model.swift; sourceTree = "<group>"; };
		18C8083E29D185E10028CBFA /* ApiService.swift */ = {isa = PBXFileReference; lastKnownFileType = sourcecode.swift; path = ApiService.swift; sourceTree = "<group>"; };
		18C8084029D411B00028CBFA /* HeroesViewModel.swift */ = {isa = PBXFileReference; lastKnownFileType = sourcecode.swift; path = HeroesViewModel.swift; sourceTree = "<group>"; };
		18CC0FC829D04A8F0073D5D6 /* AvangersInfo.app */ = {isa = PBXFileReference; explicitFileType = wrapper.application; includeInIndex = 0; path = AvangersInfo.app; sourceTree = BUILT_PRODUCTS_DIR; };
		18CC0FCB29D04A8F0073D5D6 /* AppDelegate.swift */ = {isa = PBXFileReference; lastKnownFileType = sourcecode.swift; path = AppDelegate.swift; sourceTree = "<group>"; };
		18CC0FCD29D04A8F0073D5D6 /* SceneDelegate.swift */ = {isa = PBXFileReference; lastKnownFileType = sourcecode.swift; path = SceneDelegate.swift; sourceTree = "<group>"; };
		18CC0FCF29D04A8F0073D5D6 /* WelcomePage.swift */ = {isa = PBXFileReference; lastKnownFileType = sourcecode.swift; path = WelcomePage.swift; sourceTree = "<group>"; };
		18CC0FD229D04A8F0073D5D6 /* Base */ = {isa = PBXFileReference; lastKnownFileType = file.storyboard; name = Base; path = Base.lproj/Main.storyboard; sourceTree = "<group>"; };
		18CC0FD429D04A910073D5D6 /* Assets.xcassets */ = {isa = PBXFileReference; lastKnownFileType = folder.assetcatalog; path = Assets.xcassets; sourceTree = "<group>"; };
		18CC0FD729D04A910073D5D6 /* Base */ = {isa = PBXFileReference; lastKnownFileType = file.storyboard; name = Base; path = Base.lproj/LaunchScreen.storyboard; sourceTree = "<group>"; };
		18CC0FD929D04A910073D5D6 /* Info.plist */ = {isa = PBXFileReference; lastKnownFileType = text.plist.xml; path = Info.plist; sourceTree = "<group>"; };
		18CC0FE229D04BB70073D5D6 /* MainPage.swift */ = {isa = PBXFileReference; lastKnownFileType = sourcecode.swift; path = MainPage.swift; sourceTree = "<group>"; };
		2108E4EBC286E80C04200F34 /* Pods-AvangersInfo.debug.xcconfig */ = {isa = PBXFileReference; includeInIndex = 1; lastKnownFileType = text.xcconfig; name = "Pods-AvangersInfo.debug.xcconfig"; path = "Target Support Files/Pods-AvangersInfo/Pods-AvangersInfo.debug.xcconfig"; sourceTree = "<group>"; };
		B813A982A4113504776B81AA /* Pods_AvangersInfo.framework */ = {isa = PBXFileReference; explicitFileType = wrapper.framework; includeInIndex = 0; path = Pods_AvangersInfo.framework; sourceTree = BUILT_PRODUCTS_DIR; };
		F86F15A81F4367B2799481EC /* Pods-AvangersInfo.release.xcconfig */ = {isa = PBXFileReference; includeInIndex = 1; lastKnownFileType = text.xcconfig; name = "Pods-AvangersInfo.release.xcconfig"; path = "Target Support Files/Pods-AvangersInfo/Pods-AvangersInfo.release.xcconfig"; sourceTree = "<group>"; };
/* End PBXFileReference section */

/* Begin PBXFrameworksBuildPhase section */
		18CC0FC529D04A8F0073D5D6 /* Frameworks */ = {
			isa = PBXFrameworksBuildPhase;
			buildActionMask = 2147483647;
			files = (
				207AD0CBD688358BE0A610B8 /* Pods_AvangersInfo.framework in Frameworks */,
			);
			runOnlyForDeploymentPostprocessing = 0;
		};
/* End PBXFrameworksBuildPhase section */

/* Begin PBXGroup section */
		18C8083329D156140028CBFA /* Cell */ = {
			isa = PBXGroup;
			children = (
				18C8083429D156360028CBFA /* HeroesCollectionViewCell.swift */,
			);
			path = Cell;
			sourceTree = "<group>";
		};
		18C8083A29D183D70028CBFA /* Models */ = {
			isa = PBXGroup;
			children = (
				18C8083B29D183EA0028CBFA /* Model.swift */,
			);
			path = Models;
			sourceTree = "<group>";
		};
		18C8083D29D185C90028CBFA /* Api */ = {
			isa = PBXGroup;
			children = (
				18C8083E29D185E10028CBFA /* ApiService.swift */,
			);
			path = Api;
			sourceTree = "<group>";
		};
		18C8084229D411BF0028CBFA /* ViewModel */ = {
			isa = PBXGroup;
			children = (
				18C8084029D411B00028CBFA /* HeroesViewModel.swift */,
			);
			path = ViewModel;
			sourceTree = "<group>";
		};
		18CC0FBF29D04A8F0073D5D6 = {
			isa = PBXGroup;
			children = (
				18CC0FCA29D04A8F0073D5D6 /* AvangersInfo */,
				18CC0FC929D04A8F0073D5D6 /* Products */,
				A7228968EA2A5F9257DDD0E5 /* Pods */,
				F9918F86B8AF3873541CFA90 /* Frameworks */,
			);
			sourceTree = "<group>";
		};
		18CC0FC929D04A8F0073D5D6 /* Products */ = {
			isa = PBXGroup;
			children = (
				18CC0FC829D04A8F0073D5D6 /* AvangersInfo.app */,
			);
			name = Products;
			sourceTree = "<group>";
		};
		18CC0FCA29D04A8F0073D5D6 /* AvangersInfo */ = {
			isa = PBXGroup;
			children = (
				18C8084229D411BF0028CBFA /* ViewModel */,
				18C8083D29D185C90028CBFA /* Api */,
				18C8083A29D183D70028CBFA /* Models */,
				18C8083329D156140028CBFA /* Cell */,
				18CC0FE029D04B4B0073D5D6 /* View */,
				18CC0FDF29D04B400073D5D6 /* App */,
				18CC0FD929D04A910073D5D6 /* Info.plist */,
				18CC0FE129D04B630073D5D6 /* Resources */,
			);
			path = AvangersInfo;
			sourceTree = "<group>";
		};
		18CC0FDF29D04B400073D5D6 /* App */ = {
			isa = PBXGroup;
			children = (
				18CC0FCB29D04A8F0073D5D6 /* AppDelegate.swift */,
				18CC0FCD29D04A8F0073D5D6 /* SceneDelegate.swift */,
			);
			path = App;
			sourceTree = "<group>";
		};
		18CC0FE029D04B4B0073D5D6 /* View */ = {
			isa = PBXGroup;
			children = (
				18CC0FCF29D04A8F0073D5D6 /* WelcomePage.swift */,
				18CC0FE229D04BB70073D5D6 /* MainPage.swift */,
				18A2570429DD47AF006D8869 /* ContentView.swift */,
				18A2570829DD4D5E006D8869 /* HeroesCollectionView.swift */,
				18CC0FD129D04A8F0073D5D6 /* Main.storyboard */,
				18CC0FD629D04A910073D5D6 /* LaunchScreen.storyboard */,
			);
			path = View;
			sourceTree = "<group>";
		};
		18CC0FE129D04B630073D5D6 /* Resources */ = {
			isa = PBXGroup;
			children = (
				18CC0FD429D04A910073D5D6 /* Assets.xcassets */,
			);
			path = Resources;
			sourceTree = "<group>";
		};
		A7228968EA2A5F9257DDD0E5 /* Pods */ = {
			isa = PBXGroup;
			children = (
				2108E4EBC286E80C04200F34 /* Pods-AvangersInfo.debug.xcconfig */,
				F86F15A81F4367B2799481EC /* Pods-AvangersInfo.release.xcconfig */,
			);
			path = Pods;
			sourceTree = "<group>";
		};
		F9918F86B8AF3873541CFA90 /* Frameworks */ = {
			isa = PBXGroup;
			children = (
				B813A982A4113504776B81AA /* Pods_AvangersInfo.framework */,
			);
			name = Frameworks;
			sourceTree = "<group>";
		};
/* End PBXGroup section */

/* Begin PBXNativeTarget section */
		18CC0FC729D04A8F0073D5D6 /* AvangersInfo */ = {
			isa = PBXNativeTarget;
			buildConfigurationList = 18CC0FDC29D04A910073D5D6 /* Build configuration list for PBXNativeTarget "AvangersInfo" */;
			buildPhases = (
				528E2028E5B99096CC6A806D /* [CP] Check Pods Manifest.lock */,
				18CC0FC429D04A8F0073D5D6 /* Sources */,
				18CC0FC529D04A8F0073D5D6 /* Frameworks */,
				18CC0FC629D04A8F0073D5D6 /* Resources */,
				1347B84E00C2484EB84C9F6F /* [CP] Embed Pods Frameworks */,
			);
			buildRules = (
			);
			dependencies = (
			);
			name = AvangersInfo;
			productName = AvangersInfo;
			productReference = 18CC0FC829D04A8F0073D5D6 /* AvangersInfo.app */;
			productType = "com.apple.product-type.application";
		};
/* End PBXNativeTarget section */

/* Begin PBXProject section */
		18CC0FC029D04A8F0073D5D6 /* Project object */ = {
			isa = PBXProject;
			attributes = {
				BuildIndependentTargetsInParallel = 1;
				LastSwiftUpdateCheck = 1420;
				LastUpgradeCheck = 1420;
				TargetAttributes = {
					18CC0FC729D04A8F0073D5D6 = {
						CreatedOnToolsVersion = 14.2;
					};
				};
			};
			buildConfigurationList = 18CC0FC329D04A8F0073D5D6 /* Build configuration list for PBXProject "AvangersInfo" */;
			compatibilityVersion = "Xcode 14.0";
			developmentRegion = en;
			hasScannedForEncodings = 0;
			knownRegions = (
				en,
				Base,
			);
			mainGroup = 18CC0FBF29D04A8F0073D5D6;
			productRefGroup = 18CC0FC929D04A8F0073D5D6 /* Products */;
			projectDirPath = "";
			projectRoot = "";
			targets = (
				18CC0FC729D04A8F0073D5D6 /* AvangersInfo */,
			);
		};
/* End PBXProject section */

/* Begin PBXResourcesBuildPhase section */
		18CC0FC629D04A8F0073D5D6 /* Resources */ = {
			isa = PBXResourcesBuildPhase;
			buildActionMask = 2147483647;
			files = (
				18CC0FD829D04A910073D5D6 /* LaunchScreen.storyboard in Resources */,
				18CC0FD529D04A910073D5D6 /* Assets.xcassets in Resources */,
				18CC0FD329D04A8F0073D5D6 /* Main.storyboard in Resources */,
			);
			runOnlyForDeploymentPostprocessing = 0;
		};
/* End PBXResourcesBuildPhase section */

/* Begin PBXShellScriptBuildPhase section */
		1347B84E00C2484EB84C9F6F /* [CP] Embed Pods Frameworks */ = {
			isa = PBXShellScriptBuildPhase;
			buildActionMask = 2147483647;
			files = (
			);
			inputFileListPaths = (
				"${PODS_ROOT}/Target Support Files/Pods-AvangersInfo/Pods-AvangersInfo-frameworks-${CONFIGURATION}-input-files.xcfilelist",
			);
			name = "[CP] Embed Pods Frameworks";
			outputFileListPaths = (
				"${PODS_ROOT}/Target Support Files/Pods-AvangersInfo/Pods-AvangersInfo-frameworks-${CONFIGURATION}-output-files.xcfilelist",
			);
			runOnlyForDeploymentPostprocessing = 0;
			shellPath = /bin/sh;
			shellScript = "\"${PODS_ROOT}/Target Support Files/Pods-AvangersInfo/Pods-AvangersInfo-frameworks.sh\"\n";
			showEnvVarsInLog = 0;
		};
		528E2028E5B99096CC6A806D /* [CP] Check Pods Manifest.lock */ = {
			isa = PBXShellScriptBuildPhase;
			buildActionMask = 2147483647;
			files = (
			);
			inputFileListPaths = (
			);
			inputPaths = (
				"${PODS_PODFILE_DIR_PATH}/Podfile.lock",
				"${PODS_ROOT}/Manifest.lock",
			);
			name = "[CP] Check Pods Manifest.lock";
			outputFileListPaths = (
			);
			outputPaths = (
				"$(DERIVED_FILE_DIR)/Pods-AvangersInfo-checkManifestLockResult.txt",
			);
			runOnlyForDeploymentPostprocessing = 0;
			shellPath = /bin/sh;
			shellScript = "diff \"${PODS_PODFILE_DIR_PATH}/Podfile.lock\" \"${PODS_ROOT}/Manifest.lock\" > /dev/null\nif [ $? != 0 ] ; then\n    # print error to STDERR\n    echo \"error: The sandbox is not in sync with the Podfile.lock. Run 'pod install' or update your CocoaPods installation.\" >&2\n    exit 1\nfi\n# This output is used by Xcode 'outputs' to avoid re-running this script phase.\necho \"SUCCESS\" > \"${SCRIPT_OUTPUT_FILE_0}\"\n";
			showEnvVarsInLog = 0;
		};
/* End PBXShellScriptBuildPhase section */

/* Begin PBXSourcesBuildPhase section */
		18CC0FC429D04A8F0073D5D6 /* Sources */ = {
			isa = PBXSourcesBuildPhase;
			buildActionMask = 2147483647;
			files = (
				18C8083C29D183EA0028CBFA /* Model.swift in Sources */,
				18CC0FD029D04A8F0073D5D6 /* WelcomePage.swift in Sources */,
				18A2570929DD4D5E006D8869 /* HeroesCollectionView.swift in Sources */,
				18CC0FCC29D04A8F0073D5D6 /* AppDelegate.swift in Sources */,
				18C8084129D411B00028CBFA /* HeroesViewModel.swift in Sources */,
				18C8083529D156360028CBFA /* HeroesCollectionViewCell.swift in Sources */,
				18A2570529DD47AF006D8869 /* ContentView.swift in Sources */,
				18CC0FCE29D04A8F0073D5D6 /* SceneDelegate.swift in Sources */,
				18C8083F29D185E10028CBFA /* ApiService.swift in Sources */,
				18CC0FE329D04BB70073D5D6 /* MainPage.swift in Sources */,
			);
			runOnlyForDeploymentPostprocessing = 0;
		};
/* End PBXSourcesBuildPhase section */

/* Begin PBXVariantGroup section */
		18CC0FD129D04A8F0073D5D6 /* Main.storyboard */ = {
			isa = PBXVariantGroup;
			children = (
				18CC0FD229D04A8F0073D5D6 /* Base */,
			);
			name = Main.storyboard;
			sourceTree = "<group>";
		};
		18CC0FD629D04A910073D5D6 /* LaunchScreen.storyboard */ = {
			isa = PBXVariantGroup;
			children = (
				18CC0FD729D04A910073D5D6 /* Base */,
			);
			name = LaunchScreen.storyboard;
			sourceTree = "<group>";
		};
/* End PBXVariantGroup section */

/* Begin XCBuildConfiguration section */
		18CC0FDA29D04A910073D5D6 /* Debug */ = {
			isa = XCBuildConfiguration;
			buildSettings = {
				ALWAYS_SEARCH_USER_PATHS = NO;
				CLANG_ANALYZER_NONNULL = YES;
				CLANG_ANALYZER_NUMBER_OBJECT_CONVERSION = YES_AGGRESSIVE;
				CLANG_CXX_LANGUAGE_STANDARD = "gnu++20";
				CLANG_ENABLE_MODULES = YES;
				CLANG_ENABLE_OBJC_ARC = YES;
				CLANG_ENABLE_OBJC_WEAK = YES;
				CLANG_WARN_BLOCK_CAPTURE_AUTORELEASING = YES;
				CLANG_WARN_BOOL_CONVERSION = YES;
				CLANG_WARN_COMMA = YES;
				CLANG_WARN_CONSTANT_CONVERSION = YES;
				CLANG_WARN_DEPRECATED_OBJC_IMPLEMENTATIONS = YES;
				CLANG_WARN_DIRECT_OBJC_ISA_USAGE = YES_ERROR;
				CLANG_WARN_DOCUMENTATION_COMMENTS = YES;
				CLANG_WARN_EMPTY_BODY = YES;
				CLANG_WARN_ENUM_CONVERSION = YES;
				CLANG_WARN_INFINITE_RECURSION = YES;
				CLANG_WARN_INT_CONVERSION = YES;
				CLANG_WARN_NON_LITERAL_NULL_CONVERSION = YES;
				CLANG_WARN_OBJC_IMPLICIT_RETAIN_SELF = YES;
				CLANG_WARN_OBJC_LITERAL_CONVERSION = YES;
				CLANG_WARN_OBJC_ROOT_CLASS = YES_ERROR;
				CLANG_WARN_QUOTED_INCLUDE_IN_FRAMEWORK_HEADER = YES;
				CLANG_WARN_RANGE_LOOP_ANALYSIS = YES;
				CLANG_WARN_STRICT_PROTOTYPES = YES;
				CLANG_WARN_SUSPICIOUS_MOVE = YES;
				CLANG_WARN_UNGUARDED_AVAILABILITY = YES_AGGRESSIVE;
				CLANG_WARN_UNREACHABLE_CODE = YES;
				CLANG_WARN__DUPLICATE_METHOD_MATCH = YES;
				COPY_PHASE_STRIP = NO;
				DEBUG_INFORMATION_FORMAT = dwarf;
				ENABLE_STRICT_OBJC_MSGSEND = YES;
				ENABLE_TESTABILITY = YES;
				GCC_C_LANGUAGE_STANDARD = gnu11;
				GCC_DYNAMIC_NO_PIC = NO;
				GCC_NO_COMMON_BLOCKS = YES;
				GCC_OPTIMIZATION_LEVEL = 0;
				GCC_PREPROCESSOR_DEFINITIONS = (
					"DEBUG=1",
					"$(inherited)",
				);
				GCC_WARN_64_TO_32_BIT_CONVERSION = YES;
				GCC_WARN_ABOUT_RETURN_TYPE = YES_ERROR;
				GCC_WARN_UNDECLARED_SELECTOR = YES;
				GCC_WARN_UNINITIALIZED_AUTOS = YES_AGGRESSIVE;
				GCC_WARN_UNUSED_FUNCTION = YES;
				GCC_WARN_UNUSED_VARIABLE = YES;
				IPHONEOS_DEPLOYMENT_TARGET = 16.2;
				MTL_ENABLE_DEBUG_INFO = INCLUDE_SOURCE;
				MTL_FAST_MATH = YES;
				ONLY_ACTIVE_ARCH = YES;
				SDKROOT = iphoneos;
				SWIFT_ACTIVE_COMPILATION_CONDITIONS = DEBUG;
				SWIFT_OPTIMIZATION_LEVEL = "-Onone";
			};
			name = Debug;
		};
		18CC0FDB29D04A910073D5D6 /* Release */ = {
			isa = XCBuildConfiguration;
			buildSettings = {
				ALWAYS_SEARCH_USER_PATHS = NO;
				CLANG_ANALYZER_NONNULL = YES;
				CLANG_ANALYZER_NUMBER_OBJECT_CONVERSION = YES_AGGRESSIVE;
				CLANG_CXX_LANGUAGE_STANDARD = "gnu++20";
				CLANG_ENABLE_MODULES = YES;
				CLANG_ENABLE_OBJC_ARC = YES;
				CLANG_ENABLE_OBJC_WEAK = YES;
				CLANG_WARN_BLOCK_CAPTURE_AUTORELEASING = YES;
				CLANG_WARN_BOOL_CONVERSION = YES;
				CLANG_WARN_COMMA = YES;
				CLANG_WARN_CONSTANT_CONVERSION = YES;
				CLANG_WARN_DEPRECATED_OBJC_IMPLEMENTATIONS = YES;
				CLANG_WARN_DIRECT_OBJC_ISA_USAGE = YES_ERROR;
				CLANG_WARN_DOCUMENTATION_COMMENTS = YES;
				CLANG_WARN_EMPTY_BODY = YES;
				CLANG_WARN_ENUM_CONVERSION = YES;
				CLANG_WARN_INFINITE_RECURSION = YES;
				CLANG_WARN_INT_CONVERSION = YES;
				CLANG_WARN_NON_LITERAL_NULL_CONVERSION = YES;
				CLANG_WARN_OBJC_IMPLICIT_RETAIN_SELF = YES;
				CLANG_WARN_OBJC_LITERAL_CONVERSION = YES;
				CLANG_WARN_OBJC_ROOT_CLASS = YES_ERROR;
				CLANG_WARN_QUOTED_INCLUDE_IN_FRAMEWORK_HEADER = YES;
				CLANG_WARN_RANGE_LOOP_ANALYSIS = YES;
				CLANG_WARN_STRICT_PROTOTYPES = YES;
				CLANG_WARN_SUSPICIOUS_MOVE = YES;
				CLANG_WARN_UNGUARDED_AVAILABILITY = YES_AGGRESSIVE;
				CLANG_WARN_UNREACHABLE_CODE = YES;
				CLANG_WARN__DUPLICATE_METHOD_MATCH = YES;
				COPY_PHASE_STRIP = NO;
				DEBUG_INFORMATION_FORMAT = "dwarf-with-dsym";
				ENABLE_NS_ASSERTIONS = NO;
				ENABLE_STRICT_OBJC_MSGSEND = YES;
				GCC_C_LANGUAGE_STANDARD = gnu11;
				GCC_NO_COMMON_BLOCKS = YES;
				GCC_WARN_64_TO_32_BIT_CONVERSION = YES;
				GCC_WARN_ABOUT_RETURN_TYPE = YES_ERROR;
				GCC_WARN_UNDECLARED_SELECTOR = YES;
				GCC_WARN_UNINITIALIZED_AUTOS = YES_AGGRESSIVE;
				GCC_WARN_UNUSED_FUNCTION = YES;
				GCC_WARN_UNUSED_VARIABLE = YES;
				IPHONEOS_DEPLOYMENT_TARGET = 16.2;
				MTL_ENABLE_DEBUG_INFO = NO;
				MTL_FAST_MATH = YES;
				SDKROOT = iphoneos;
				SWIFT_COMPILATION_MODE = wholemodule;
				SWIFT_OPTIMIZATION_LEVEL = "-O";
				VALIDATE_PRODUCT = YES;
			};
			name = Release;
		};
		18CC0FDD29D04A910073D5D6 /* Debug */ = {
			isa = XCBuildConfiguration;
			baseConfigurationReference = 2108E4EBC286E80C04200F34 /* Pods-AvangersInfo.debug.xcconfig */;
			buildSettings = {
				ASSETCATALOG_COMPILER_APPICON_NAME = AppIcon;
				ASSETCATALOG_COMPILER_GLOBAL_ACCENT_COLOR_NAME = AccentColor;
				CODE_SIGN_STYLE = Automatic;
				CURRENT_PROJECT_VERSION = 1;
				DEVELOPMENT_TEAM = Y6L3PM6BSZ;
				GENERATE_INFOPLIST_FILE = YES;
				INFOPLIST_FILE = AvangersInfo/Info.plist;
				INFOPLIST_KEY_UIApplicationSupportsIndirectInputEvents = YES;
				INFOPLIST_KEY_UILaunchStoryboardName = LaunchScreen;
				INFOPLIST_KEY_UIMainStoryboardFile = Main;
				INFOPLIST_KEY_UISupportedInterfaceOrientations_iPad = "UIInterfaceOrientationPortrait UIInterfaceOrientationPortraitUpsideDown UIInterfaceOrientationLandscapeLeft UIInterfaceOrientationLandscapeRight";
				INFOPLIST_KEY_UISupportedInterfaceOrientations_iPhone = "UIInterfaceOrientationPortrait UIInterfaceOrientationLandscapeLeft UIInterfaceOrientationLandscapeRight";
				LD_RUNPATH_SEARCH_PATHS = (
					"$(inherited)",
					"@executable_path/Frameworks",
				);
				MARKETING_VERSION = 1.0;
				PRODUCT_BUNDLE_IDENTIFIER = co.abdumutal.AvangersInfo;
				PRODUCT_NAME = "$(TARGET_NAME)";
				SWIFT_EMIT_LOC_STRINGS = YES;
				SWIFT_VERSION = 5.0;
				TARGETED_DEVICE_FAMILY = "1,2";
			};
			name = Debug;
		};
		18CC0FDE29D04A910073D5D6 /* Release */ = {
			isa = XCBuildConfiguration;
			baseConfigurationReference = F86F15A81F4367B2799481EC /* Pods-AvangersInfo.release.xcconfig */;
			buildSettings = {
				ASSETCATALOG_COMPILER_APPICON_NAME = AppIcon;
				ASSETCATALOG_COMPILER_GLOBAL_ACCENT_COLOR_NAME = AccentColor;
				CODE_SIGN_STYLE = Automatic;
				CURRENT_PROJECT_VERSION = 1;
				DEVELOPMENT_TEAM = Y6L3PM6BSZ;
				GENERATE_INFOPLIST_FILE = YES;
				INFOPLIST_FILE = AvangersInfo/Info.plist;
				INFOPLIST_KEY_UIApplicationSupportsIndirectInputEvents = YES;
				INFOPLIST_KEY_UILaunchStoryboardName = LaunchScreen;
				INFOPLIST_KEY_UIMainStoryboardFile = Main;
				INFOPLIST_KEY_UISupportedInterfaceOrientations_iPad = "UIInterfaceOrientationPortrait UIInterfaceOrientationPortraitUpsideDown UIInterfaceOrientationLandscapeLeft UIInterfaceOrientationLandscapeRight";
				INFOPLIST_KEY_UISupportedInterfaceOrientations_iPhone = "UIInterfaceOrientationPortrait UIInterfaceOrientationLandscapeLeft UIInterfaceOrientationLandscapeRight";
				LD_RUNPATH_SEARCH_PATHS = (
					"$(inherited)",
					"@executable_path/Frameworks",
				);
				MARKETING_VERSION = 1.0;
				PRODUCT_BUNDLE_IDENTIFIER = co.abdumutal.AvangersInfo;
				PRODUCT_NAME = "$(TARGET_NAME)";
				SWIFT_EMIT_LOC_STRINGS = YES;
				SWIFT_VERSION = 5.0;
				TARGETED_DEVICE_FAMILY = "1,2";
			};
			name = Release;
		};
/* End XCBuildConfiguration section */

/* Begin XCConfigurationList section */
		18CC0FC329D04A8F0073D5D6 /* Build configuration list for PBXProject "AvangersInfo" */ = {
			isa = XCConfigurationList;
			buildConfigurations = (
				18CC0FDA29D04A910073D5D6 /* Debug */,
				18CC0FDB29D04A910073D5D6 /* Release */,
			);
			defaultConfigurationIsVisible = 0;
			defaultConfigurationName = Release;
		};
		18CC0FDC29D04A910073D5D6 /* Build configuration list for PBXNativeTarget "AvangersInfo" */ = {
			isa = XCConfigurationList;
			buildConfigurations = (
				18CC0FDD29D04A910073D5D6 /* Debug */,
				18CC0FDE29D04A910073D5D6 /* Release */,
			);
			defaultConfigurationIsVisible = 0;
			defaultConfigurationName = Release;
		};
/* End XCConfigurationList section */
	};
	rootObject = 18CC0FC029D04A8F0073D5D6 /* Project object */;
}
